{
    "_meta": {
        "hash": {
            "sha256": "570c308862bba2c8291ece6508c8ee1e4e665aea9bcd58cecfbcd6c27eb40cea"
        },
        "pipfile-spec": 6,
        "requires": {
            "python_full_version": "3.8.5",
            "python_version": "3.8"
        },
        "sources": [
            {
                "name": "pypi",
                "url": "https://pypi.org/simple",
                "verify_ssl": true
            }
        ]
    },
    "default": {
        "cramjam": {
            "hashes": [
                "sha256:00524bb23f4abb3a3bfff08aa32b9274843170c5b43855807e0f59670e2ac98c",
                "sha256:007aa9444cb27b8691baae73ca907133cd939987438f874774011b4c740732dd",
                "sha256:04b31d427a8902e5c2eec4b8f29873de7a3ade202e3d68e7f2354b9f0aa00bc7",
                "sha256:07af94191f6a245226dc8a8bc6c94808e382ce9dfcca4bab0e8015fbc7fc3322",
                "sha256:080f3eb7b648f5ba9d35084d8dddc68246a8f365df239792f6712908f0aa568e",
                "sha256:11c9d30bc53892c57a3b296756c23659323ab1419a2b4bf22bbafc07b247bb67",
                "sha256:11d2e9eebc7d202eda0ae09fb56a2cdbeb5a1563e89d2118bf18cf0030f35f77",
                "sha256:1374fe9a4431e546bb4501a16b84875d0bf80fc4e6c8942f0d5608ae48474267",
                "sha256:19b8c97350c8d65daea26267dd1becb59073569aac2ae5743952d7f48da5d37a",
                "sha256:1ba1a8ff855b30b4069a9b45ea9e7f2b5d882c7953bdfccda8d4b275fa7057ce",
                "sha256:1fd25201f1278dc6faa2ae35e67b7a5bb352b7fc6ed1ee939637414ca8115863",
                "sha256:246f1f7d32cac2b64617d2dddba11a82851e73cdcf9d1abb799b08dcd9d2ea49",
                "sha256:2476828dea4089aa3cb9160391f8b36f793ca651afdcba80de1e341373928397",
                "sha256:24990be4010b2185dcecc67133cd727657036e7b132d7de598148f5b1eb8e452",
                "sha256:24c2b426dd8fafb894f93a88f42e2827e14199d66836cb100582037e5371c724",
                "sha256:269f94d2efe6b6a97624782cd3b541e60535dd5874f4a8d5d0ba66ef59424ae3",
                "sha256:274878883e7fadf95a6b5bc58f9c1dd39fef2c31d68e18a0fb8594226457fba7",
                "sha256:28c30078effc100739d3f9b227276a8360c1b32aac65efb4f641630552213548",
                "sha256:29987b54e31efed66738e8f236c597c4c9a91ec9d57bcb74307712e07505b4bb",
                "sha256:2be92c6f0bcffaf8ea6a8164fe0388a188fec2fa9eff1828e8b64dc3a83740f9",
                "sha256:2cb64a97e625ca029b55e37769b8c354e64cbea042c75471915dc385935d30ed",
                "sha256:30e2d745cd4d244b7973d15aaebeedb537b980f9d3da80e6dea75ee1a872f9fa",
                "sha256:3277fd42399755d6d3730edec4a192174ee64d219e0ffbc90613f15cbabf711f",
                "sha256:345a952c5d4b922830efaa67dc0b42d21e18c182c1a1bda6d20bb78235f31d6f",
                "sha256:35647a0e37a4dfec85a44c7966ae476b7db0e6cd65d91c08f1fb3007ed774d92",
                "sha256:3850dac9a2f6dcb3249d23f9d505117643b967bdc1c572ed0cc492a48fd69daf",
                "sha256:3f6303c8cc583dfe5054cf84717674f75b18bca4ae8e576dc863958d5494dc4b",
                "sha256:440a18fd4ae42e06dbbd7aee91d8248b61da9fef7610ffbd553d1ba93931394b",
                "sha256:476890974229713fc7b4c16fb050b756ba926c67e4d1200b3e03c5c051e9b552",
                "sha256:4822eb5fe6839cd3d0439e5431e766ad010b2a388ca9617aa6372b6030897782",
                "sha256:4a554bcfd068e831affd64a4f067c7c9b00b359742597c4fdadd18ff673baf30",
                "sha256:4c1d2d39c2193a77c5e5b327944f90e6ecf2caa1b55e7176cc83d80706ea15de",
                "sha256:4f7c16d358df366e308137411125a2bb50d1b19924fced3a390898fa8c9a074d",
                "sha256:5023a737d8d9cf5d123e6d87d088929c3cfb2aae90e0f584204427f74882150a",
                "sha256:51e847dcfe74fba379fed2bc2b45f5c2f11c3ece5e9eebcf63f39a9594184588",
                "sha256:572cb9a8dc5a189691d6e03a9bf9b4305fd9a9f36bb0f9fde55fc36837c2e6b3",
                "sha256:594477faff7f4380fa123cfbcf10ab8ee5af1a28b95750b66931ffafcb11ab5c",
                "sha256:5d1ac94e00c64258330105473c641441db02b4dc3e9e9f2963d204e53ed93025",
                "sha256:6379b92912f7569e126bd48d10e7087ddd20ea88a939532e3c4a85c2fa05d600",
                "sha256:65bfd41aa92c0025f32ba09214b48e9367a81122586b2617439b4327c4bd179c",
                "sha256:6653c262ad71e6c0ae08eeca3af2ee89ad47483b6312f2c6094518cb77872406",
                "sha256:6721edd8f911ad84db83ee4902b7579fc01c55849062f3f1f4171b58fccf98eb",
                "sha256:67e09b42e744efd08b93ac56f6100a859a31617d7146725516f3f2c744149d97",
                "sha256:6b1fa0a6ea8183831d04572597c182bd6cece62d583a36cde1e6a86e72ce2389",
                "sha256:6c04f363cb4b316719421724521432b6e7f6490e5baaaf7692af961c28d0279b",
                "sha256:6eec7e985f35708c234542721863d82781d0f7f6a71b45e14ce6d2625d4b131d",
                "sha256:6f838d06d06709b9ce8b1ceae36aea4e1c7e613365185a91edcbeb5884f5e606",
                "sha256:7337bd8218bd8508f35904274a38cce843a237fe6e23104238bbeb2f337107ed",
                "sha256:771b44e549f90b5532508782e25d1c40b8054dd83d52253d05945fc05836b252",
                "sha256:77346ac669f5445d14b74476a4e8f3a259fd22681bd73790e92b8956d7e225fc",
                "sha256:7871e1fd3ee8ca16799ba22d49fc1e52e78976fa8c659be41630eeb2914475a7",
                "sha256:80b088d15866b37851fd53e2b471becc9ec487257dceca1878621072a18e833e",
                "sha256:832224f52fa1e601e0ab678dba9bdfde3686fc4cd1a9f2ed4748f29eaf1cb553",
                "sha256:86e238b6de79e045f5197df2c9dfaf8d10b37a6517ff4ffc4775fe5a3cf4d4a4",
                "sha256:87e26e3e1d5fed1cac5b41be648d0daf0793f94cf4a7aebefce1f4f6656e2d21",
                "sha256:8c8aa6d08c135ae7f0da01e6559a332c5d8fe4989a594db401040e385d04dffd",
                "sha256:8ea1dc11538842ff20d9872a17214994f5913cbf3be5594b54aad2422becdf19",
                "sha256:8ed658f36a2bf667d5b8c7c6690103ad99f81cc62a1b64891b69298447329d4b",
                "sha256:962b7106287bcc463150766b5b8c69f32dcc69713a8dbce00e0ca6936f95c55b",
                "sha256:9728861bc0390681824961778b36f7f0b95039e8b90d46f1b67f51232f1ee159",
                "sha256:97c706c520c3f8b0184278cc86187528458350216c6e4fa85d3f16bcad0d365d",
                "sha256:990e65c2bf1c155a9ddec5ecabf431cf77596432f697d3c6e0831b5174c51c40",
                "sha256:9a1943f2cc0deee037ddcf92beff6049e12d4e6d557f568ddf59fb3b848f2152",
                "sha256:9d08f1bab949ffd6dd6f25a89e4f7062d147aeea9c067e4dd155bdb190e5a519",
                "sha256:9efe6915aa7ef176f3a7f42a4e46504573215953331b139abefd20d07d8aba82",
                "sha256:a2fededed05a042f093dbf1b11d69afb1874a2c9197fcf1d58c142ba9111db5a",
                "sha256:ab67f29094165f0771acad8dd16e840259cfedcc94067af229530496dbf1a24c",
                "sha256:ab8146faa5d8c52edf23724843c36469fc32ff2c4a174eba72f4da6de5016688",
                "sha256:afa065bab70e27565695441f69f493af3d379b8723030f2c3d2547d2e312a4be",
                "sha256:b188e750b95172c01defcfcfbba629cad797718b34402ec61b3bc9ff99403599",
                "sha256:ba1e45074757ab0482ac544e60613b6b8658100ac9985c91868a4598cdfb63ba",
                "sha256:ba542f07fe3f41475d78626973533539e6cf2d5b6af37923fe6c7e7f0f74b9b2",
                "sha256:bc8f24c32124bb47536882c6b941cdb88cc16e4fa64d5bf347cb8dd72a193fc3",
                "sha256:bd8c601fe8717e52517a2f2eef78217086acf449627bfdda97e3f53fd79c92af",
                "sha256:be6fb5dd5bf1c89c717a73a1057505959f35c08e0e97a76d4cc6391b90d2263b",
                "sha256:bec9ca5431c32ba94996b7c1c56695b37d48713b97ee1d2a456f4046f009e82f",
                "sha256:c14728e3360cd212d5b606ca703c3bd1c8912efcdbc1aa032c81c2882509ebd5",
                "sha256:c28830ecf76501356d678dac4f37563554ec1c651a53a990cdf595f7ed75c651",
                "sha256:c7e8329cde48740df8d332dade2f52b74612b8ea86005341c99bb192c82a5ce7",
                "sha256:c9d54a4aa475d5e902f2ee518bdaa02f26c089e9f72950d00d1643c090f0deb3",
                "sha256:cb5f4d061e9abdc6663551446c332a58c101efb31fd1746229872600274c2b20",
                "sha256:d5a0a2fe240c97587df07f3d5e1027673d599b3a6a7a0ab540aea69f09e9ff7a",
                "sha256:d824fd98364bc946c38ed324a3ec7befba055285aaf2c1ca61894bb7616226e8",
                "sha256:d93b42d22bf3e17290c5e4cf58e715a419330bb5255c35933c14db82ecf3872c",
                "sha256:d9b244d04cef82872d12c227a2f202f080a454d664c05db351626e6ad4aaa307",
                "sha256:dac42b2b4c3950e7eda9b5551e0e904784ed0c0428accc29171c230fb919ec72",
                "sha256:dcf7791e1cedb982ccc873ec9392c6cfb9c714a64ebf1ed4e8310b9cb44655f2",
                "sha256:e23e323ad28ed3e4e3a24ceffdab0ff235954109a88b536ea7b3b7886bd0a536",
                "sha256:e30f1f00de913b440baa36647817b9b7120a69b04eca05f3354aaf5b40f95ee5",
                "sha256:e8ec1d4f27eb9d0412f0c567e7ffd14fbeb2b318a1ac394d5de4047c431fe94c",
                "sha256:e954599c6369f429a868852eff453b894d88866acba439b65131ea93f5400b47",
                "sha256:eea606b01b43b91626e3aafd463bd19b6ed739bdb8b2b309e5d7ff72afc0e89d",
                "sha256:ef0173fb457f73cf9c2553092419db0eba4d582890db95e542a4d93e11340421",
                "sha256:ef29fb916fe74be65d0ab8871ab8d964b0f5eb8028bb84b325be43675a59d6e7",
                "sha256:f667843e7a8fca208eecfe44e04088242f8ca60d74d4950fac3722043538d700",
                "sha256:fb5d7739e2bc573ade12327ef7717b1ac5876c62938fab20eb54d762da23cae2",
                "sha256:fc0c6eb8185c68f79a25bb298825e345cc09b826f5828bd8146e3600ca6e9981",
                "sha256:fc9c45469914099897c47bfc501616fb377f28a865adebf90ea6f3c8ae6dd4e6",
                "sha256:fe6434d3ee0899bc9396801d1abbc5d1fe77662bd3d1f1c1573fac6708459138",
                "sha256:fe84440100e7045190da7f80219be9989b0b6db6acadb3ae9cfe0935d93ebf8c"
            ],
            "markers": "python_version >= '3.7'",
            "version": "==2.8.3"
        },
        "fastparquet": {
            "hashes": [
                "sha256:06ff670f6a3f38a8235b7aab881a3c7e6f8cea7bcc8027aea19e6b6d7c3f7606",
                "sha256:0f9859eb90f7c1175406d59cbc7fe663ffbc8fb80673147c2e4a15a662c02e47",
                "sha256:147eab12e0f7ebf4fb8ca0c918503a235f14df9fafff500f90e440f61b6fa9f4",
                "sha256:17412a8827cfd99676b578496afbcf9e8493a712f7aa4745ab42f79274471464",
                "sha256:19b0156d685c7b43b47acc1eea3a8f45e79ee9adefb34082d700478948a86067",
                "sha256:1ec2bb3a2fe08d198b60946c546fcecedbb6a7a2ef7a7bc181950ef1481c3a16",
                "sha256:1f4cd5dd8f71d1e3b066d956ca98f661dcab48c619ae07d7bae640b5aced14fe",
                "sha256:2f9e1bdc8ee867636bc8951f7186e20776da3628cafcf9fb75121c90feb4c5c5",
                "sha256:454e8ec51f36ffae6e3d7814197c44db6e88ce281d2efba22ed516958a422c7e",
                "sha256:462515fc80a2b2f82a7fca50ae2c5b7f4681603029aa253fc2515ed8f5056392",
                "sha256:49264ce3243dc7e61e379eeb7bfd82167be034e4b913748e45d96d4e27f5cb6e",
                "sha256:524d23b2cdf1ab6899059e6db475d71b8c0b5c5602cae87276d7b80fa7a49145",
                "sha256:6cac2266b8255145e16ae236bac7bde3b20c702641f1f883945d3425b55070f9",
                "sha256:7475ed2ee51362ec25214919dbd6f04c387e88b7ad376c5b94470c9d53b20831",
                "sha256:77de53bece91da87f91b763092b8cba326bcb78aee23f437700733d294ea784d",
                "sha256:7acd59b711ea4b49144cb66d819a5fde075dff0e4d1a14f7aae6e168624979fc",
                "sha256:7b4c7430bd648d91d5854445c840ff9bfd02931939122eddd063cc4a5ee3588b",
                "sha256:9c9cbecc9b0333055fa4480568b994263d63f3e0b37cbd2ff11b8f3624e34d26",
                "sha256:a50e2e1e6240487bb1b6d1b98df43245a984b4ebd46f64e1b89fe723627049b8",
                "sha256:b41378b4c5d8a98b4255b08d9e37f6da0e7a932f42ecfb355858e7df628d0864",
                "sha256:b7e0d225992722cd7364b0f6e1ad791e2ce8371847c17ba5a42f531e7b646ef6",
                "sha256:be5beaffe4db11e6b09d413c97b0799b7ad6be71ca86ec32c7648f3f72033adf",
                "sha256:cccba055f227def3052e3a914be02ca8cd8236867abf6ad5a93689348881caa0",
                "sha256:d0d724c56676ba8d1dee4a09a4bac09e7f4ae5a466c5e4b48375980e7dfa1257",
                "sha256:dac03723fd147805f703dd269831d97554dc9f712f99ece48cd22919d320e9d9",
                "sha256:e126a5dfe304689af9c69708f908a9c5312cb55edf64198b3f7dd9110037fd6f"
            ],
            "index": "pypi",
            "markers": "python_version >= '3.8'",
            "version": "==0.8.3"
        },
        "fsspec": {
            "hashes": [
                "sha256:58d7122eb8a1a46f7f13453187bfea4972d66bf01618d37366521b1998034cee",
                "sha256:f579960a56e6d8038a9efc8f9c77279ec12e6299aa86b0769a7e9c46b94527c2"
            ],
            "markers": "python_version >= '3.8'",
            "version": "==2024.6.0"
        },
        "joblib": {
            "hashes": [
                "sha256:06d478d5674cbc267e7496a410ee875abd68e4340feff4490bcb7afb88060ae6",
                "sha256:2382c5816b2636fbd20a09e0f4e9dad4736765fdfb7dca582943b9c1366b3f0e"
            ],
            "markers": "python_version >= '3.8'",
            "version": "==1.4.2"
        },
        "numpy": {
            "hashes": [
                "sha256:13af0184177469192d80db9bd02619f6fa8b922f9f327e077d6f2a6acb1ce1c0",
                "sha256:26a45798ca2a4e168d00de75d4a524abf5907949231512f372b217ede3429e98",
                "sha256:26f509450db547e4dfa3ec739419b31edad646d21fb8d0ed0734188b35ff6b27",
                "sha256:30a59fb41bb6b8c465ab50d60a1b298d1cd7b85274e71f38af5a75d6c475d2d2",
                "sha256:33c623ef9ca5e19e05991f127c1be5aeb1ab5cdf30cb1c5cf3960752e58b599b",
                "sha256:356f96c9fbec59974a592452ab6a036cd6f180822a60b529a975c9467fcd5f23",
                "sha256:3c40c827d36c6d1c3cf413694d7dc843d50997ebffbc7c87d888a203ed6403a7",
                "sha256:4d054f013a1983551254e2379385e359884e5af105e3efe00418977d02f634a7",
                "sha256:63d971bb211ad3ca37b2adecdd5365f40f3b741a455beecba70fd0dde8b2a4cb",
                "sha256:658624a11f6e1c252b2cd170d94bf28c8f9410acab9f2fd4369e11e1cd4e1aaf",
                "sha256:76766cc80d6128750075378d3bb7812cf146415bd29b588616f72c943c00d598",
                "sha256:7b57f26e5e6ee2f14f960db46bd58ffdca25ca06dd997729b1b179fddd35f5a3",
                "sha256:7b852817800eb02e109ae4a9cef2beda8dd50d98b76b6cfb7b5c0099d27b52d4",
                "sha256:8cde829f14bd38f6da7b2954be0f2837043e8b8d7a9110ec5e318ae6bf706610",
                "sha256:a2e3a39f43f0ce95204beb8fe0831199542ccab1e0c6e486a0b4947256215632",
                "sha256:a86c962e211f37edd61d6e11bb4df7eddc4a519a38a856e20a6498c319efa6b0",
                "sha256:a8705c5073fe3fcc297fb8e0b31aa794e05af6a329e81b7ca4ffecab7f2b95ef",
                "sha256:b6aaeadf1e4866ca0fdf7bb4eed25e521ae21a7947c59f78154b24fc7abbe1dd",
                "sha256:be62aeff8f2f054eff7725f502f6228298891fd648dc2630e03e44bf63e8cee0",
                "sha256:c2edbb783c841e36ca0fa159f0ae97a88ce8137fb3a6cd82eae77349ba4b607b",
                "sha256:cbe326f6d364375a8e5a8ccb7e9cd73f4b2f6dc3b2ed205633a0db8243e2a96a",
                "sha256:d34fbb98ad0d6b563b95de852a284074514331e6b9da0a9fc894fb1cdae7a79e",
                "sha256:d97a86937cf9970453c3b62abb55a6475f173347b4cde7f8dcdb48c8e1b9952d",
                "sha256:dd53d7c4a69e766e4900f29db5872f5824a06827d594427cf1a4aa542818b796",
                "sha256:df1889701e2dfd8ba4dc9b1a010f0a60950077fb5242bb92c8b5c7f1a6f2668a",
                "sha256:fa1fe75b4a9e18b66ae7f0b122543c42debcf800aaafa0212aaff3ad273c2596"
            ],
            "index": "pypi",
            "markers": "python_version >= '3.6'",
            "version": "==1.19.0"
        },
        "packaging": {
            "hashes": [
                "sha256:026ed72c8ed3fcce5bf8950572258698927fd1dbda10a5e981cdf0ac37f4f002",
                "sha256:5b8f2217dbdbd2f7f384c41c628544e6d52f2d0f53c6d0c3ea61aa5d1d7ff124"
            ],
            "markers": "python_version >= '3.8'",
            "version": "==24.1"
        },
        "pandas": {
            "hashes": [
                "sha256:050aada67a5ec6699a7879e769825b510018a95fb9ac462bb1867483d0974a97",
                "sha256:0959c41004e3d2d16f39c828d6da66ebee329836a7ecee49fb777ac9ad8a7501",
                "sha256:4591cadd06fbbbd16fafc2de6e840c1aaefeae3d5864b688004777ef1bbdede3",
                "sha256:51c424ca134fdaeac9a4acd719d1ab48046afc60943a489028f0413fdbe9ef1c",
                "sha256:785e878a6e6d8ddcdb8c181e600855402750052497d7fc6d6b508894f6b8830b",
                "sha256:799e6a25932df7e6b1f8dabf63de064e2205dc309abb75956126a0453fd88e97",
                "sha256:7cd1d69a387f7d5e1a5a06a87574d9ef2433847c0e78113ab51c84d3a8bcaeaa",
                "sha256:87b4194f344dcd14c0f885cecb22005329b38bda10f1aaf7b9596a00ec8a4768",
                "sha256:8d4d2fe2863ecddb0ba1979bdda26c8bc2ea138f5a979abe3ba80c0fa4015c91",
                "sha256:94f2ed1fd51e545ebf71da1e942fe1822ee01e10d3dd2a7276d01351333b7c6b",
                "sha256:9d2a7a3c1fea668d56bd91edbd5f2732e0af8feb9d2bf8d9bfacb2dea5fa9536",
                "sha256:9d805bce209714b1c1fa29bfb1e42ad87e4c0a825e4b390c56a3e71593b7e8d8",
                "sha256:a08ceb59db499864c58a9bf85ab6219d527d91f14c0240cc25fa2c261032b2a7",
                "sha256:a981cfabf51c318a562deb4ae7deec594c07aee7cf18b4594a92c23718ec8275",
                "sha256:ab6c0d738617b675183e5f28db32b5148b694ad9bba0a40c3ea26d96b431db67",
                "sha256:afbddad78a98ec4d2ce08b384b81730de1ccc975b99eb663e6dac43703f36d98",
                "sha256:c4bb8b0ab9f94207d07e401d24baebfc63057246b1a5e0cd9ee50df85a656871",
                "sha256:ce35f947202b0b99c660221d82beb91d2e6d553d55a40b30128204e3e2c63848",
                "sha256:d0022fe6a313df1c4869b5edc012d734c6519a6fffa3cf70930f32e6a1078e49",
                "sha256:e7cc960959be28d064faefc0cb2aef854d46b827c004ebea7e79b5497ed83e7d",
                "sha256:ee6f1848148ed3204235967613b0a32be2d77f214e9623f554511047705c1e04"
            ],
            "index": "pypi",
            "markers": "python_version >= '3.8'",
            "version": "==1.4.4"
        },
        "pyarrow": {
            "hashes": [
                "sha256:06ebccb6f8cb7357de85f60d5da50e83507954af617d7b05f48af1621d331c9a",
                "sha256:0d07de3ee730647a600037bc1d7b7994067ed64d0eba797ac74b2bc77384f4c2",
                "sha256:0d27bf89dfc2576f6206e9cd6cf7a107c9c06dc13d53bbc25b0bd4556f19cf5f",
                "sha256:0d32000693deff8dc5df444b032b5985a48592c0697cb6e3071a5d59888714e2",
                "sha256:15fbb22ea96d11f0b5768504a3f961edab25eaf4197c341720c4a387f6c60315",
                "sha256:17e23b9a65a70cc733d8b738baa6ad3722298fa0c81d88f63ff94bf25eaa77b9",
                "sha256:185d121b50836379fe012753cf15c4ba9638bda9645183ab36246923875f8d1b",
                "sha256:18da9b76a36a954665ccca8aa6bd9f46c1145f79c0bb8f4f244f5f8e799bca55",
                "sha256:19741c4dbbbc986d38856ee7ddfdd6a00fc3b0fc2d928795b95410d38bb97d15",
                "sha256:25233642583bf658f629eb230b9bb79d9af4d9f9229890b3c878699c82f7d11e",
                "sha256:2e51ca1d6ed7f2e9d5c3c83decf27b0d17bb207a7dea986e8dc3e24f80ff7d6f",
                "sha256:2e73cfc4a99e796727919c5541c65bb88b973377501e39b9842ea71401ca6c1c",
                "sha256:31a1851751433d89a986616015841977e0a188662fcffd1a5677453f1df2de0a",
                "sha256:3b20bd67c94b3a2ea0a749d2a5712fc845a69cb5d52e78e6449bbd295611f3aa",
                "sha256:4740cc41e2ba5d641071d0ab5e9ef9b5e6e8c7611351a5cb7c1d175eaf43674a",
                "sha256:48be160782c0556156d91adbdd5a4a7e719f8d407cb46ae3bb4eaee09b3111bd",
                "sha256:8785bb10d5d6fd5e15d718ee1d1f914fe768bf8b4d1e5e9bf253de8a26cb1628",
                "sha256:98100e0268d04e0eec47b73f20b39c45b4006f3c4233719c3848aa27a03c1aef",
                "sha256:99f7549779b6e434467d2aa43ab2b7224dd9e41bdde486020bae198978c9e05e",
                "sha256:9cf389d444b0f41d9fe1444b70650fea31e9d52cfcb5f818b7888b91b586efff",
                "sha256:a33a64576fddfbec0a44112eaf844c20853647ca833e9a647bfae0582b2ff94b",
                "sha256:a8914cd176f448e09746037b0c6b3a9d7688cef451ec5735094055116857580c",
                "sha256:b04707f1979815f5e49824ce52d1dceb46e2f12909a48a6a753fe7cafbc44a0c",
                "sha256:b5f5705ab977947a43ac83b52ade3b881eb6e95fcc02d76f501d549a210ba77f",
                "sha256:ba8ac20693c0bb0bf4b238751d4409e62852004a8cf031c73b0e0962b03e45e3",
                "sha256:bf9251264247ecfe93e5f5a0cd43b8ae834f1e61d1abca22da55b20c788417f6",
                "sha256:d0ebea336b535b37eee9eee31761813086d33ed06de9ab6fc6aaa0bace7b250c",
                "sha256:ddf5aace92d520d3d2a20031d8b0ec27b4395cab9f74e07cc95edf42a5cc0147",
                "sha256:ddfe389a08ea374972bd4065d5f25d14e36b43ebc22fc75f7b951f24378bf0b5",
                "sha256:e1369af39587b794873b8a307cc6623a3b1194e69399af0efd05bb202195a5a7",
                "sha256:e6b6d3cd35fbb93b70ade1336022cc1147b95ec6af7d36906ca7fe432eb09710",
                "sha256:f07fdffe4fd5b15f5ec15c8b64584868d063bc22b86b46c9695624ca3505b7b4",
                "sha256:f2c5fb249caa17b94e2b9278b36a05ce03d3180e6da0c4c3b3ce5b2788f30eed",
                "sha256:f68f409e7b283c085f2da014f9ef81e885d90dcd733bd648cfba3ef265961848",
                "sha256:fbef391b63f708e103df99fbaa3acf9f671d77a183a07546ba2f2c297b361e83",
                "sha256:febde33305f1498f6df85e8020bca496d0e9ebf2093bab9e0f65e2b4ae2b3444"
            ],
            "index": "pypi",
            "markers": "python_version >= '3.8'",
            "version": "==16.1.0"
        },
        "python-dateutil": {
            "hashes": [
                "sha256:37dd54208da7e1cd875388217d5e00ebd4179249f90fb72437e91a35459a0ad3",
                "sha256:a8b2bc7bffae282281c8140a97d3aa9c14da0b136dfe83f850eea9a5f7470427"
            ],
            "markers": "python_version >= '2.7' and python_version not in '3.0, 3.1, 3.2, 3.3'",
            "version": "==2.9.0.post0"
        },
        "pytz": {
            "hashes": [
                "sha256:2a29735ea9c18baf14b448846bde5a48030ed267578472d8955cd0e7443a9812",
                "sha256:328171f4e3623139da4983451950b28e95ac706e13f3f2630a879749e7a8b319"
            ],
            "version": "==2024.1"
        },
        "scikit-learn": {
            "hashes": [
                "sha256:0a127cc70990d4c15b1019680bfedc7fec6c23d14d3719fdf9b64b22d37cdeca",
                "sha256:0d39748e7c9669ba648acf40fb3ce96b8a07b240db6888563a7cb76e05e0d9cc",
                "sha256:1b8a391de95f6285a2f9adffb7db0892718950954b7149a70c783dc848f104ea",
                "sha256:20766f515e6cd6f954554387dfae705d93c7b544ec0e6c6a5d8e006f6f7ef480",
                "sha256:2aa95c2f17d2f80534156215c87bee72b6aa314a7f8b8fe92a2d71f47280570d",
                "sha256:5ce7a8021c9defc2b75620571b350acc4a7d9763c25b7593621ef50f3bd019a2",
                "sha256:6c28a1d00aae7c3c9568f61aafeaad813f0f01c729bee4fd9479e2132b215c1d",
                "sha256:7671bbeddd7f4f9a6968f3b5442dac5f22bf1ba06709ef888cc9132ad354a9ab",
                "sha256:914ac2b45a058d3f1338d7736200f7f3b094857758895f8667be8a81ff443b5b",
                "sha256:98508723f44c61896a4e15894b2016762a55555fbf09365a0bb1870ecbd442de",
                "sha256:a64817b050efd50f9abcfd311870073e500ae11b299683a519fbb52d85e08d25",
                "sha256:cb3e76380312e1f86abd20340ab1d5b3cc46a26f6593d3c33c9ea3e4c7134028",
                "sha256:d0dcaa54263307075cb93d0bee3ceb02821093b1b3d25f66021987d305d01dce",
                "sha256:d9a1ce5f099f29c7c33181cc4386660e0ba891b21a60dc036bf369e3a3ee3aec",
                "sha256:da8e7c302003dd765d92a5616678e591f347460ac7b53e53d667be7dfe6d1b10",
                "sha256:daf276c465c38ef736a79bd79fc80a249f746bcbcae50c40945428f7ece074f8"
            ],
            "index": "pypi",
            "markers": "python_version >= '3.6'",
            "version": "==0.23.2"
        },
        "scipy": {
            "hashes": [
                "sha256:06d2e1b4c491dc7d8eacea139a1b0b295f74e1a1a0f704c375028f8320d16e31",
                "sha256:0d54222d7a3ba6022fdf5773931b5d7c56efe41ede7f7128c7b1637700409108",
                "sha256:1884b66a54887e21addf9c16fb588720a8309a57b2e258ae1c7986d4444d3bc0",
                "sha256:1a72d885fa44247f92743fc20732ae55564ff2a519e8302fb7e18717c5355a8b",
                "sha256:2318bef588acc7a574f5bfdff9c172d0b1bf2c8143d9582e05f878e580a3781e",
                "sha256:4db5b30849606a95dcf519763dd3ab6fe9bd91df49eba517359e450a7d80ce2e",
                "sha256:545c83ffb518094d8c9d83cce216c0c32f8c04aaf28b92cc8283eda0685162d5",
                "sha256:5a04cd7d0d3eff6ea4719371cbc44df31411862b9646db617c99718ff68d4840",
                "sha256:5b88e6d91ad9d59478fafe92a7c757d00c59e3bdc3331be8ada76a4f8d683f58",
                "sha256:68239b6aa6f9c593da8be1509a05cb7f9efe98b80f43a5861cd24c7557e98523",
                "sha256:83b89e9586c62e787f5012e8475fbb12185bafb996a03257e9675cd73d3736dd",
                "sha256:83c06e62a390a9167da60bedd4575a14c1f58ca9dfde59830fc42e5197283dab",
                "sha256:90453d2b93ea82a9f434e4e1cba043e779ff67b92f7a0e85d05d286a3625df3c",
                "sha256:abaf921531b5aeaafced90157db505e10345e45038c39e5d9b6c7922d68085cb",
                "sha256:b41bc822679ad1c9a5f023bc93f6d0543129ca0f37c1ce294dd9d386f0a21096",
                "sha256:c68db6b290cbd4049012990d7fe71a2abd9ffbe82c0056ebe0f01df8be5436b0",
                "sha256:cff3a5295234037e39500d35316a4c5794739433528310e117b8a9a0c76d20fc",
                "sha256:d01e1dd7b15bd2449c8bfc6b7cc67d630700ed655654f0dfcf121600bad205c9",
                "sha256:d644a64e174c16cb4b2e41dfea6af722053e83d066da7343f333a54dae9bc31c",
                "sha256:da8245491d73ed0a994ed9c2e380fd058ce2fa8a18da204681f2fe1f57f98f95",
                "sha256:fbc5c05c85c1a02be77b1ff591087c83bc44579c6d2bd9fb798bb64ea5e1a027"
            ],
            "markers": "python_version >= '3.8'",
            "version": "==1.9.3"
        },
        "six": {
            "hashes": [
                "sha256:1e61c37477a1626458e36f7b1d82aa5c9b094fa4802892072e49de9c60c4c926",
                "sha256:8abb2f1d86890a2dfb989f9a77cfcfd3e47c2a354b01111771326f8aa26e0254"
            ],
            "markers": "python_version >= '2.7' and python_version not in '3.0, 3.1, 3.2, 3.3'",
            "version": "==1.16.0"
        },
        "threadpoolctl": {
            "hashes": [
                "sha256:082433502dd922bf738de0d8bcc4fdcbf0979ff44c42bd40f5af8a282f6fa107",
                "sha256:56c1e26c150397e58c4926da8eeee87533b1e32bef131bd4bf6a2f45f3185467"
            ],
            "markers": "python_version >= '3.8'",
            "version": "==3.5.0"
        }
    },
    "develop": {}
}
